{
  "schema": "models.lock-1.0",
  "current": "1.1.0",
  "models": {
    "1.0.0": {
      "version": "1.0.0",
      "stage": "baseline",
      "created": "2026-06-06T00:13:55",
      "parent": null,
      "iteration": 0,
      "threshold": 0.7,
      "weights_sha256": "sha256:845fc4bd93c525b8",
      "config_hashes": {
        "girp_rules": "sha256:f73a64c064f20c8c",
        "validation": "sha256:df2709986e8f8da6",
        "regex": "sha256:508a06897ab9bb69",
        "label_sets": "sha256:928280872ef6538b",
        "fuzzy_groups": "sha256:2d2bbc8384ea4f73",
        "presidio_map": "sha256:8aa595f4d63768ed"
      },
      "gold_version": "v1",
      "code_commit": "576cab2",
      "gate": "baseline",
      "metrics": {
        "balanced_accuracy": 0.8287,
        "balanced_accuracy_ci95": [
          0.7963,
          0.8609
        ],
        "accuracy": 0.8315602836879432,
        "accuracy_ci95": [
          0.7996,
          0.8635
        ],
        "over": 0.11170212765957446,
        "under": 0.05673758865248227,
        "under_ci95": [
          0.0372,
          0.0763
        ],
        "health_under": 0.0136986301369863,
        "per_tier_recall": {
          "Public": 0.6463,
          "Private": 0.8382,
          "Confidential": 0.8439,
          "Highly Confidential": 0.9863
        }
      }
    },
    "1.0.1": {
      "version": "1.0.1",
      "stage": "system-tuning",
      "created": "2026-06-06T00:29:11",
      "parent": "1.0.0",
      "iteration": 1,
      "threshold": 0.7,
      "weights_sha256": "sha256:845fc4bd93c525b8",
      "config_hashes": {
        "girp_rules": "sha256:f73a64c064f20c8c",
        "validation": "sha256:df2709986e8f8da6",
        "regex": "sha256:508a06897ab9bb69",
        "label_sets": "sha256:928280872ef6538b",
        "fuzzy_groups": "sha256:2d2bbc8384ea4f73",
        "presidio_map": "sha256:8aa595f4d63768ed"
      },
      "gold_version": "v1",
      "code_commit": "99065af",
      "gate": "ACCEPT (held-out test)",
      "metrics": {
        "balanced_accuracy": 0.8437,
        "balanced_accuracy_ci95": [
          0.8115,
          0.8756
        ],
        "accuracy": 0.8475177304964538,
        "accuracy_ci95": [
          0.8156,
          0.8777
        ],
        "over": 0.09574468085106383,
        "under": 0.05673758865248227,
        "under_ci95": [
          0.039,
          0.0762
        ],
        "health_under": 0.0,
        "per_tier_recall": {
          "Public": 0.6585,
          "Private": 0.8725,
          "Confidential": 0.8439,
          "Highly Confidential": 1.0
        }
      }
    },
    "1.0.2": {
      "version": "1.0.2",
      "stage": "system-tuning",
      "created": "2026-06-06T07:29:27",
      "parent": "1.0.1",
      "iteration": 2,
      "threshold": 0.7,
      "weights_sha256": "sha256:845fc4bd93c525b8",
      "config_hashes": {
        "girp_rules": "sha256:f73a64c064f20c8c",
        "validation": "sha256:b606ff0331fe46f0",
        "regex": "sha256:508a06897ab9bb69",
        "label_sets": "sha256:928280872ef6538b",
        "fuzzy_groups": "sha256:e5a9921dc57fc496",
        "presidio_map": "sha256:8aa595f4d63768ed"
      },
      "gold_version": "v1",
      "code_commit": null,
      "gate": "ACCEPT (held-out test)",
      "metrics": {
        "balanced_accuracy": 0.8474,
        "balanced_accuracy_ci95": [
          0.8158,
          0.8792
        ],
        "accuracy": 0.8528368794326241,
        "accuracy_ci95": [
          0.8227,
          0.883
        ],
        "over": 0.0851063829787234,
        "under": 0.06205673758865248,
        "under_ci95": [
          0.0426,
          0.0833
        ],
        "health_under": 0.0,
        "per_tier_recall": {
          "Public": 0.6585,
          "Private": 0.8873,
          "Confidential": 0.8439,
          "Highly Confidential": 1.0
        }
      }
    },
    "1.1.0": {
      "version": "1.1.0",
      "stage": "fine-tune",
      "created": "2026-06-06T07:41:33",
      "parent": "1.0.2",
      "iteration": 3,
      "threshold": 0.7,
      "weights_sha256": "sha256:1ff2a86d7470057c",
      "config_hashes": {
        "girp_rules": "sha256:f73a64c064f20c8c",
        "validation": "sha256:b606ff0331fe46f0",
        "regex": "sha256:508a06897ab9bb69",
        "label_sets": "sha256:928280872ef6538b",
        "fuzzy_groups": "sha256:e5a9921dc57fc496",
        "presidio_map": "sha256:8aa595f4d63768ed"
      },
      "gold_version": "v1",
      "code_commit": null,
      "gate": "ACCEPT (held-out test; +0.1pp within noise)",
      "metrics": {
        "balanced_accuracy": 0.8486,
        "balanced_accuracy_ci95": [
          0.817,
          0.8804
        ],
        "accuracy": 0.8546099290780141,
        "accuracy_ci95": [
          0.8245,
          0.8848
        ],
        "over": 0.08333333333333333,
        "under": 0.06205673758865248,
        "under_ci95": [
          0.0426,
          0.0833
        ],
        "health_under": 0.0,
        "per_tier_recall": {
          "Public": 0.6585,
          "Private": 0.8922,
          "Confidential": 0.8439,
          "Highly Confidential": 1.0
        }
      }
    }
  }
}